<?xml version="1.0" encoding="utf-8"?>
<Project ToolsVersion="4.0" xmlns="http://schemas.microsoft.com/developer/msbuild/2003">
  <ItemGroup>
    <Filter Include="Source Files">
      <UniqueIdentifier>{4FC737F1-C7A5-4376-A066-2A32D752A2FF}</UniqueIdentifier>
      <Extensions>cpp;c;cc;cxx;def;odl;idl;hpj;bat;asm;asmx</Extensions>
    </Filter>
    <Filter Include="Header Files">
      <UniqueIdentifier>{93995380-89BD-4b04-88EB-625FBE52EBFB}</UniqueIdentifier>
      <Extensions>h;hh;hpp;hxx;hm;inl;inc;xsd</Extensions>
    </Filter>
    <Filter Include="Resource Files">
      <UniqueIdentifier>{67DA6AB6-F800-4c08-8B7A-83BB121AAD01}</UniqueIdentifier>
      <Extensions>rc;ico;cur;bmp;dlg;rc2;rct;bin;rgs;gif;jpg;jpeg;jpe;resx;tiff;tif;png;wav;mfcribbon-ms</Extensions>
    </Filter>
  </ItemGroup>
  <ItemGroup>
    <ClCompile Include="zip\Zip.cpp">
      <Filter>Source Files</Filter>
    </ClCompile>
    <ClCompile Include="util\Log.cpp">
      <Filter>Source Files</Filter>
    </ClCompile>
    <ClCompile Include="util\UniqueId.cpp">
      <Filter>Source Files</Filter>
    </ClCompile>
    <ClCompile Include="util\Util.cpp">
      <Filter>Source Files</Filter>
    </ClCompile>
    <ClCompile Include="util\Value.cpp">
      <Filter>Source Files</Filter>
    </ClCompile>
    <ClCompile Include="security\Base64.cpp">
      <Filter>Source Files</Filter>
    </ClCompile>
    <ClCompile Include="security\Sha1.cpp">
      <Filter>Source Files</Filter>
    </ClCompile>
    <ClCompile Include="protocol\Http.cpp">
      <Filter>Source Files</Filter>
    </ClCompile>
    <ClCompile Include="network\TcpClient.cpp">
      <Filter>Source Files</Filter>
    </ClCompile>
    <ClCompile Include="network\TcpServer.cpp">
      <Filter>Source Files</Filter>
    </ClCompile>
    <ClCompile Include="network\TcpServerBase.cpp">
      <Filter>Source Files</Filter>
    </ClCompile>
    <ClCompile Include="network\TcpSocket.cpp">
      <Filter>Source Files</Filter>
    </ClCompile>
    <ClCompile Include="network\WebSocket.cpp">
      <Filter>Source Files</Filter>
    </ClCompile>
    <ClCompile Include="json\JsonReader.cpp">
      <Filter>Source Files</Filter>
    </ClCompile>
    <ClCompile Include="json\JsonValue.cpp">
      <Filter>Source Files</Filter>
    </ClCompile>
    <ClCompile Include="json\JsonWriter.cpp">
      <Filter>Source Files</Filter>
    </ClCompile>
    <ClCompile Include="jsengine\duktape.c">
      <Filter>Source Files</Filter>
    </ClCompile>
    <ClCompile Include="jsengine\JSEngine.cpp">
      <Filter>Source Files</Filter>
    </ClCompile>
    <ClCompile Include="io\ByteArray.cpp">
      <Filter>Source Files</Filter>
    </ClCompile>
    <ClCompile Include="io\ByteStreamReader.cpp">
      <Filter>Source Files</Filter>
    </ClCompile>
    <ClCompile Include="io\ByteStreamWriter.cpp">
      <Filter>Source Files</Filter>
    </ClCompile>
    <ClCompile Include="db\CouchDb.cpp">
      <Filter>Source Files</Filter>
    </ClCompile>
    <ClCompile Include="db\DataBase.cpp">
      <Filter>Source Files</Filter>
    </ClCompile>
    <ClCompile Include="db\sqlite3.c">
      <Filter>Source Files</Filter>
    </ClCompile>
  </ItemGroup>
  <ItemGroup>
    <ClInclude Include="zip\Zip.h">
      <Filter>Header Files</Filter>
    </ClInclude>
    <ClInclude Include="util\GetOptions.h">
      <Filter>Header Files</Filter>
    </ClInclude>
    <ClInclude Include="util\Log.h">
      <Filter>Header Files</Filter>
    </ClInclude>
    <ClInclude Include="util\Observer.h">
      <Filter>Header Files</Filter>
    </ClInclude>
    <ClInclude Include="util\Semaphore.h">
      <Filter>Header Files</Filter>
    </ClInclude>
    <ClInclude Include="util\ThreadQueue.h">
      <Filter>Header Files</Filter>
    </ClInclude>
    <ClInclude Include="util\UniqueId.h">
      <Filter>Header Files</Filter>
    </ClInclude>
    <ClInclude Include="util\Util.h">
      <Filter>Header Files</Filter>
    </ClInclude>
    <ClInclude Include="util\Value.h">
      <Filter>Header Files</Filter>
    </ClInclude>
    <ClInclude Include="security\Base64.h">
      <Filter>Header Files</Filter>
    </ClInclude>
    <ClInclude Include="security\Sha1.h">
      <Filter>Header Files</Filter>
    </ClInclude>
    <ClInclude Include="protocol\Http.h">
      <Filter>Header Files</Filter>
    </ClInclude>
    <ClInclude Include="network\TcpClient.h">
      <Filter>Header Files</Filter>
    </ClInclude>
    <ClInclude Include="network\TcpServer.h">
      <Filter>Header Files</Filter>
    </ClInclude>
    <ClInclude Include="network\TcpServerBase.h">
      <Filter>Header Files</Filter>
    </ClInclude>
    <ClInclude Include="network\TcpSocket.h">
      <Filter>Header Files</Filter>
    </ClInclude>
    <ClInclude Include="network\WebSocket.h">
      <Filter>Header Files</Filter>
    </ClInclude>
    <ClInclude Include="json\JsonReader.h">
      <Filter>Header Files</Filter>
    </ClInclude>
    <ClInclude Include="json\JsonValue.h">
      <Filter>Header Files</Filter>
    </ClInclude>
    <ClInclude Include="json\JsonWriter.h">
      <Filter>Header Files</Filter>
    </ClInclude>
    <ClInclude Include="jsengine\duk_config.h">
      <Filter>Header Files</Filter>
    </ClInclude>
    <ClInclude Include="jsengine\duktape.h">
      <Filter>Header Files</Filter>
    </ClInclude>
    <ClInclude Include="jsengine\IScriptEngine.h">
      <Filter>Header Files</Filter>
    </ClInclude>
    <ClInclude Include="jsengine\JSEngine.h">
      <Filter>Header Files</Filter>
    </ClInclude>
    <ClInclude Include="io\ByteArray.h">
      <Filter>Header Files</Filter>
    </ClInclude>
    <ClInclude Include="io\ByteStreamReader.h">
      <Filter>Header Files</Filter>
    </ClInclude>
    <ClInclude Include="io\ByteStreamWriter.h">
      <Filter>Header Files</Filter>
    </ClInclude>
    <ClInclude Include="db\CouchDb.h">
      <Filter>Header Files</Filter>
    </ClInclude>
    <ClInclude Include="db\DataBase.h">
      <Filter>Header Files</Filter>
    </ClInclude>
    <ClInclude Include="db\sqlite3.h">
      <Filter>Header Files</Filter>
    </ClInclude>
    <ClInclude Include="db\sqlite3ext.h">
      <Filter>Header Files</Filter>
    </ClInclude>
    <ClInclude Include="util\chrono_io.h">
      <Filter>Header Files</Filter>
    </ClInclude>
    <ClInclude Include="util\date.h">
      <Filter>Header Files</Filter>
    </ClInclude>
    <ClInclude Include="util\ios.h">
      <Filter>Header Files</Filter>
    </ClInclude>
    <ClInclude Include="util\islamic.h">
      <Filter>Header Files</Filter>
    </ClInclude>
    <ClInclude Include="util\iso_week.h">
      <Filter>Header Files</Filter>
    </ClInclude>
    <ClInclude Include="util\julian.h">
      <Filter>Header Files</Filter>
    </ClInclude>
    <ClInclude Include="util\tz.h">
      <Filter>Header Files</Filter>
    </ClInclude>
    <ClInclude Include="util\tz_private.h">
      <Filter>Header Files</Filter>
    </ClInclude>
  </ItemGroup>
</Project>